<Solution>
  <Folder Name="/src/App/">
    <Project Path="src/App/CanDoItAll.Web/CanDoItAll.Web.csproj" />
    <Project Path="src/App/CanDoItAll.Composition/CanDoItAll.Composition.csproj" />
  </Folder>
  <Folder Name="/src/Foundation/">
    <Project Path="src/Foundation/CanDoItAll.SharedKernel/CanDoItAll.SharedKernel.csproj" />
    <Project Path="src/Foundation/CanDoItAll.Infrastructure/CanDoItAll.Infrastructure.csproj" />
    <Project Path="src/Foundation/CanDoItAll.Migrations.PostgreSql/CanDoItAll.Migrations.PostgreSql.csproj" />
    <Project Path="src/Foundation/CanDoItAll.Git/CanDoItAll.Git.csproj" />
  </Folder>
  <Folder Name="/src/Integration/">
    <Project Path="src/Integration/CanDoItAll.FileTools.Integration.Abstractions/CanDoItAll.FileTools.Integration.Abstractions.csproj" />
    <Project Path="src/Integration/CanDoItAll.FileTools.Integration/CanDoItAll.FileTools.Integration.csproj" />
  </Folder>
  <Folder Name="/src/Memory/">
    <Project Path="src/Memory/CanDoItAll.Memory.Abstractions/CanDoItAll.Memory.Abstractions.csproj" />
    <Project Path="src/Memory/CanDoItAll.Memory.Application/CanDoItAll.Memory.Application.csproj" />
    <Project Path="src/Memory/CanDoItAll.Memory.Http/CanDoItAll.Memory.Http.csproj" />
    <Project Path="src/Memory/CanDoItAll.Memory.Http.Contracts/CanDoItAll.Memory.Http.Contracts.csproj" />
    <Project Path="src/Memory/CanDoItAll.Memory.Mcp/CanDoItAll.Memory.Mcp.csproj" />
    <Project Path="src/Memory/CanDoItAll.Memory.Mock/CanDoItAll.Memory.Mock.csproj" />
    <Project Path="src/Memory/CanDoItAll.Memory.Persistence/CanDoItAll.Memory.Persistence.csproj" />
    <Project Path="src/Memory/CanDoItAll.Memory.SourceGateway.Abstractions/CanDoItAll.Memory.SourceGateway.Abstractions.csproj" />
  </Folder>
  <Folder Name="/src/UI/">
    <Project Path="src/UI/CanDoItAll.AppComponents/CanDoItAll.AppComponents.csproj" />
    <Project Path="src/UI/CanDoItAll.Components.Git/CanDoItAll.Components.Git.csproj" />
  </Folder>
  <Folder Name="/src/MAF/Common/">
    <Project Path="src/MAF/Common/CanDoItAll.AgentFramework.Models/CanDoItAll.AgentFramework.Models.csproj" />
    <Project Path="src/MAF/Common/CanDoItAll.AgentFramework.Core/CanDoItAll.AgentFramework.Core.csproj" />
    <Project Path="src/MAF/Common/CanDoItAll.AgentFramework.Components/CanDoItAll.AgentFramework.Components.csproj" />
    <Project Path="src/MAF/Common/CanDoItAll.AgentFramework.Hosting/CanDoItAll.AgentFramework.Hosting.csproj" />
    <Project Path="src/MAF/Common/CanDoItAll.AgentFramework.Maf/CanDoItAll.AgentFramework.Maf.csproj" />
    <Project Path="src/MAF/Common/CanDoItAll.AgentFramework.Persistence/CanDoItAll.AgentFramework.Persistence.csproj" />
    <Project Path="src/MAF/Common/CanDoItAll.AgentFramework.ProviderPipelines/CanDoItAll.AgentFramework.ProviderPipelines.csproj" />
    <Project Path="src/MAF/Common/CanDoItAll.AgentFramework.Providers/CanDoItAll.AgentFramework.Providers.csproj" />
    <Project Path="src/MAF/Common/CanDoItAll.AgentFramework.Voice/CanDoItAll.AgentFramework.Voice.csproj" />
  </Folder>
  <Folder Name="/src/MAF/Capabilities/">
    <Project Path="src/MAF/Capabilities/CanDoItAll.AgentFramework.Capabilities.Abstractions/CanDoItAll.AgentFramework.Capabilities.Abstractions.csproj" />
    <Project Path="src/MAF/Capabilities/CanDoItAll.AgentFramework.Capabilities.Access/CanDoItAll.AgentFramework.Capabilities.Access.csproj" />
    <Project Path="src/MAF/Capabilities/CanDoItAll.AgentFramework.Capabilities.Templates/CanDoItAll.AgentFramework.Capabilities.Templates.csproj" />
  </Folder>
  <Folder Name="/src/MAF/Mcp/">
    <Project Path="src/MAF/Mcp/CanDoItAll.AgentFramework.Mcp.Abstractions/CanDoItAll.AgentFramework.Mcp.Abstractions.csproj" />
    <Project Path="src/MAF/Mcp/CanDoItAll.AgentFramework.Mcp/CanDoItAll.AgentFramework.Mcp.csproj" />
  </Folder>
  <Folder Name="/src/MAF/Skills/">
    <Project Path="src/MAF/Skills/CanDoItAll.AgentFramework.Skills.Abstractions/CanDoItAll.AgentFramework.Skills.Abstractions.csproj" />
    <Project Path="src/MAF/Skills/CanDoItAll.AgentFramework.Skills/CanDoItAll.AgentFramework.Skills.csproj" />
  </Folder>
  <Folder Name="/src/MAF/Tools/">
    <Project Path="src/MAF/Tools/CanDoItAll.AgentFramework.Tooling/CanDoItAll.AgentFramework.Tooling.csproj" />
    <Project Path="src/MAF/Tools/CanDoItAll.AgentFramework.Tools.Abstractions/CanDoItAll.AgentFramework.Tools.Abstractions.csproj" />
    <Project Path="src/MAF/Tools/CanDoItAll.AgentFramework.Tools/CanDoItAll.AgentFramework.Tools.csproj" />
    <Project Path="src/MAF/Tools/CanDoItAll.Tools.Documents/CanDoItAll.Tools.Documents.csproj" />
  </Folder>
  <Folder Name="/src/MAF/Workflows/">
    <Project Path="src/MAF/Workflows/CanDoItAll.AgentFramework.Workflows.Abstractions/CanDoItAll.AgentFramework.Workflows.Abstractions.csproj" />
    <Project Path="src/MAF/Workflows/CanDoItAll.AgentFramework.Workflows.Builder/CanDoItAll.AgentFramework.Workflows.Builder.csproj" />
    <Project Path="src/MAF/Workflows/CanDoItAll.AgentFramework.Workflows.Core/CanDoItAll.AgentFramework.Workflows.Core.csproj" />
    <Project Path="src/MAF/Workflows/CanDoItAll.AgentFramework.Workflows.MafAdapter/CanDoItAll.AgentFramework.Workflows.MafAdapter.csproj" />
    <Project Path="src/MAF/Workflows/CanDoItAll.AgentFramework.Workflows.Runtime/CanDoItAll.AgentFramework.Workflows.Runtime.csproj" />
    <Project Path="src/MAF/Workflows/CanDoItAll.AgentFramework.Workflows.Templates/CanDoItAll.AgentFramework.Workflows.Templates.csproj" />
  </Folder>
  <Folder Name="/src/MAF/WorkflowExecutors/">
    <Project Path="src/MAF/WorkflowExecutors/CanDoItAll.AgentFramework.WorkflowExecutors.Abstractions/CanDoItAll.AgentFramework.WorkflowExecutors.Abstractions.csproj" />
    <Project Path="src/MAF/WorkflowExecutors/CanDoItAll.AgentFramework.WorkflowExecutors.Core/CanDoItAll.AgentFramework.WorkflowExecutors.Core.csproj" />
    <Project Path="src/MAF/WorkflowExecutors/CanDoItAll.AgentFramework.WorkflowExecutors.Plugins/CanDoItAll.AgentFramework.WorkflowExecutors.Plugins.csproj" />
  </Folder>
  <Folder Name="/src/MAF/WorkflowExecutors/Standard/">
    <Project Path="src/MAF/WorkflowExecutors/Standard/CanDoItAll.AgentFramework.WorkflowExecutors.Standard/CanDoItAll.AgentFramework.WorkflowExecutors.Standard.csproj" />
    <Project Path="src/MAF/WorkflowExecutors/Standard/CanDoItAll.AgentFramework.WorkflowExecutors.Standard.Control/CanDoItAll.AgentFramework.WorkflowExecutors.Standard.Control.csproj" />
    <Project Path="src/MAF/WorkflowExecutors/Standard/CanDoItAll.AgentFramework.WorkflowExecutors.Standard.Documents/CanDoItAll.AgentFramework.WorkflowExecutors.Standard.Documents.csproj" />
    <Project Path="src/MAF/WorkflowExecutors/Standard/CanDoItAll.AgentFramework.WorkflowExecutors.Standard.Media/CanDoItAll.AgentFramework.WorkflowExecutors.Standard.Media.csproj" />
    <Project Path="src/MAF/WorkflowExecutors/Standard/CanDoItAll.AgentFramework.WorkflowExecutors.Standard.Network/CanDoItAll.AgentFramework.WorkflowExecutors.Standard.Network.csproj" />
    <Project Path="src/MAF/WorkflowExecutors/Standard/CanDoItAll.AgentFramework.WorkflowExecutors.Standard.ProjectStructure/CanDoItAll.AgentFramework.WorkflowExecutors.Standard.ProjectStructure.csproj" />
    <Project Path="src/MAF/WorkflowExecutors/Standard/CanDoItAll.AgentFramework.WorkflowExecutors.Standard.Transforms/CanDoItAll.AgentFramework.WorkflowExecutors.Standard.Transforms.csproj" />
    <Project Path="src/MAF/WorkflowExecutors/Standard/CanDoItAll.AgentFramework.WorkflowExecutors.Standard.Workspace/CanDoItAll.AgentFramework.WorkflowExecutors.Standard.Workspace.csproj" />
  </Folder>
  <Folder Name="/src/Modules/">
    <Project Path="src/Modules/CanDoItAll.Modules.AgentFramework/CanDoItAll.Modules.AgentFramework.csproj" />
    <Project Path="src/Modules/CanDoItAll.Modules.Collaboration/CanDoItAll.Modules.Collaboration.csproj" />
    <Project Path="src/Modules/CanDoItAll.Modules.CrmHr/CanDoItAll.Modules.CrmHr.csproj" />
    <Project Path="src/Modules/CanDoItAll.Modules.Memory/CanDoItAll.Modules.Memory.csproj" />
    <Project Path="src/Modules/CanDoItAll.Modules.Plugins/CanDoItAll.Modules.Plugins.csproj" />
    <Project Path="src/Modules/CanDoItAll.Modules.Processes/CanDoItAll.Modules.Processes.csproj" />
    <Project Path="src/Modules/CanDoItAll.Modules.Projects/CanDoItAll.Modules.Projects.csproj" />
    <Project Path="src/Modules/CanDoItAll.Modules.Prompts/CanDoItAll.Modules.Prompts.csproj" />
    <Project Path="src/Modules/CanDoItAll.Modules.Resources/CanDoItAll.Modules.Resources.csproj" />
    <Project Path="src/Modules/CanDoItAll.Modules.SchedulerPlanner/CanDoItAll.Modules.SchedulerPlanner.csproj" />
    <Project Path="src/Modules/CanDoItAll.Modules.Security/CanDoItAll.Modules.Security.csproj" />
    <Project Path="src/Modules/CanDoItAll.Modules.TestLab/CanDoItAll.Modules.TestLab.csproj" />
    <Project Path="src/Modules/CanDoItAll.Modules.Workbench/CanDoItAll.Modules.Workbench.csproj" />
    <Project Path="src/Modules/CanDoItAll.Modules.Workspace/CanDoItAll.Modules.Workspace.csproj" />
  </Folder>
  <Folder Name="/src/Processes/">
    <Project Path="src/Processes/CanDoItAll.Processes.Contracts/CanDoItAll.Processes.Contracts.csproj" />
    <Project Path="src/Processes/CanDoItAll.Processes.Abstractions/CanDoItAll.Processes.Abstractions.csproj" />
    <Project Path="src/Processes/CanDoItAll.Processes.Core/CanDoItAll.Processes.Core.csproj" />
    <Project Path="src/Processes/CanDoItAll.Processes.Builder/CanDoItAll.Processes.Builder.csproj" />
    <Project Path="src/Processes/CanDoItAll.Processes.Application/CanDoItAll.Processes.Application.csproj" />
    <Project Path="src/Processes/CanDoItAll.Processes.Projections/CanDoItAll.Processes.Projections.csproj" />
    <Project Path="src/Processes/CanDoItAll.Processes.Persistence/CanDoItAll.Processes.Persistence.csproj" />
    <Project Path="src/Processes/CanDoItAll.Processes.Runtime/CanDoItAll.Processes.Runtime.csproj" />
    <Project Path="src/Processes/CanDoItAll.Processes.Templates/CanDoItAll.Processes.Templates.csproj" />
  </Folder>
  <Folder Name="/src/Processes/Drivers/">
    <Project Path="src/Processes/Drivers/CanDoItAll.Processes.Drivers.Abstractions/CanDoItAll.Processes.Drivers.Abstractions.csproj" />
    <Project Path="src/Processes/Drivers/CanDoItAll.Processes.Drivers.Standard/CanDoItAll.Processes.Drivers.Standard.csproj" />
  </Folder>
  <Folder Name="/src/Plugins/Abstractions/">
    <Project Path="src/plugins/Abstractions/CanDoItAll.Plugins.Abstractions/CanDoItAll.Plugins.Abstractions.csproj" />
  </Folder>
  <Folder Name="/src/Plugins/Implementations/">
    <Project Path="src/plugins/Implementations/CanDoItAll.Plugin.Docker/CanDoItAll.Plugin.Docker.csproj" />
    <Project Path="src/plugins/Implementations/CanDoItAll.Plugin.Email/CanDoItAll.Plugin.Email.csproj" />
    <Project Path="src/plugins/Implementations/CanDoItAll.Plugin.Gmail/CanDoItAll.Plugin.Gmail.csproj" />
    <Project Path="src/plugins/Implementations/CanDoItAll.Plugin.Office365/CanDoItAll.Plugin.Office365.csproj" />
  </Folder>
  <Folder Name="/tests/Support/">
    <Project Path="tests/Support/CanDoItAll.Tests.Support/CanDoItAll.Tests.Support.csproj" />
  </Folder>
  <Folder Name="/tests/Unit/">
    <Project Path="tests/Unit/CanDoItAll.Tests.Unit/CanDoItAll.Tests.Unit.csproj" />
  </Folder>
  <Folder Name="/src/MAF/Memory/">
    <Project Path="src/MAF/Memory/CanDoItAll.AgentFramework.Memory/CanDoItAll.AgentFramework.Memory.csproj" />
  </Folder>
  <Folder Name="/tests/Memory/">
    <Project Path="tests/Memory/CanDoItAll.Memory.Tests/CanDoItAll.Memory.Tests.csproj" />
  </Folder>
  <Folder Name="/tests/MAF/">
    <Project Path="tests/MAF/CanDoItAll.AgentFramework.Memory.Tests/CanDoItAll.AgentFramework.Memory.Tests.csproj" />
  </Folder>
  <Folder Name="/tests/Integration/">
    <Project Path="tests/Integration/CanDoItAll.Tests.Integration/CanDoItAll.Tests.Integration.csproj" />
  </Folder>
  <Folder Name="/tests/Components/">
    <Project Path="tests/Components/CanDoItAll.Tests.Components/CanDoItAll.Tests.Components.csproj" />
  </Folder>
  <Folder Name="/tests/Playwright/">
    <Project Path="tests/Playwright/CanDoItAll.Tests.Playwright/CanDoItAll.Tests.Playwright.csproj" />
  </Folder>
  <Folder Name="/tools/App/">
    <Project Path="tools/App/CanDoItAll.Manager/CanDoItAll.Manager.csproj" />
  </Folder>
  <Folder Name="/tools/Seeding/">
    <Project Path="tools/Seeding/CanDoItAll.ScenarioSeeder/CanDoItAll.ScenarioSeeder.csproj" />
  </Folder>
  <Folder Name="/tools/Diagnostics/">
    <Project Path="tools/Diagnostics/CanDoItAll.OpenAiContextProbe/CanDoItAll.OpenAiContextProbe.csproj" />
  </Folder>
  <Folder Name="/tools/Validation/">
    <Project Path="tools/Validation/CanDoItAll.RpiValidationArtifacts/CanDoItAll.RpiValidationArtifacts.csproj" />
  </Folder>
</Solution>
