<Solution>
  <Folder Name="/src/">
    <Project Path="src/CanDoItAll.AppComponents/CanDoItAll.AppComponents.csproj" />
    <Project Path="src/CanDoItAll.Components.WebGlSandbox/CanDoItAll.Components.WebGlSandbox.csproj" />
    <Project Path="src/CanDoItAll.Composition/CanDoItAll.Composition.csproj" />
    <Project Path="src/CanDoItAll.AgentFramework.Components/CanDoItAll.AgentFramework.Components.csproj" />
    <Project Path="src/CanDoItAll.AgentFramework.Core/CanDoItAll.AgentFramework.Core.csproj" />
    <Project Path="src/CanDoItAll.AgentFramework.Hosting/CanDoItAll.AgentFramework.Hosting.csproj" />
    <Project Path="src/CanDoItAll.AgentFramework.Maf/CanDoItAll.AgentFramework.Maf.csproj" />
    <Project Path="src/CanDoItAll.AgentFramework.Models/CanDoItAll.AgentFramework.Models.csproj" />
    <Project Path="src/CanDoItAll.AgentFramework.Persistence/CanDoItAll.AgentFramework.Persistence.csproj" />
    <Project Path="src/CanDoItAll.AgentFramework.Tooling/CanDoItAll.AgentFramework.Tooling.csproj" />
    <Project Path="src/CanDoItAll.AgentFramework.Voice/CanDoItAll.AgentFramework.Voice.csproj" />
    <Project Path="src/CanDoItAll.Infrastructure/CanDoItAll.Infrastructure.csproj" />
    <Project Path="src/CanDoItAll.Migrations.PostgreSql/CanDoItAll.Migrations.PostgreSql.csproj" />
    <Project Path="src/CanDoItAll.Modules.Activity/CanDoItAll.Modules.Activity.csproj" />
    <Project Path="src/CanDoItAll.Modules.AgentFramework/CanDoItAll.Modules.AgentFramework.csproj" />
    <Project Path="src/CanDoItAll.Modules.Automation/CanDoItAll.Modules.Automation.csproj" />
    <Project Path="src/CanDoItAll.Modules.Collaboration/CanDoItAll.Modules.Collaboration.csproj" />
    <Project Path="src/CanDoItAll.Modules.CognitiveMemory/CanDoItAll.Modules.CognitiveMemory.csproj" />
    <Project Path="src/CanDoItAll.Modules.CrmHr/CanDoItAll.Modules.CrmHr.csproj" />
    <Project Path="src/CanDoItAll.Modules.Factory/CanDoItAll.Modules.Factory.csproj" />
    <Project Path="src/CanDoItAll.Modules.Plugins/CanDoItAll.Modules.Plugins.csproj" />
    <Project Path="src/CanDoItAll.Modules.Processes/CanDoItAll.Modules.Processes.csproj" />
    <Project Path="src/CanDoItAll.Processes.Core/CanDoItAll.Processes.Core.csproj" />
    <Project Path="src/CanDoItAll.Processes.Contracts/CanDoItAll.Processes.Contracts.csproj" />
    <Project Path="src/CanDoItAll.Processes.Drivers.Abstractions/CanDoItAll.Processes.Drivers.Abstractions.csproj" />
    <Project Path="src/CanDoItAll.Processes.Drivers.ArtifactEvidence/CanDoItAll.Processes.Drivers.ArtifactEvidence.csproj" />
    <Project Path="src/CanDoItAll.Processes.Drivers.BusinessAnalysis/CanDoItAll.Processes.Drivers.BusinessAnalysis.csproj" />
    <Project Path="src/CanDoItAll.Processes.Drivers.ObservationAggregation/CanDoItAll.Processes.Drivers.ObservationAggregation.csproj" />
    <Project Path="src/CanDoItAll.Processes.Drivers.OfficeEvidence/CanDoItAll.Processes.Drivers.OfficeEvidence.csproj" />
    <Project Path="src/CanDoItAll.Processes.Drivers.RuntimeEvidence/CanDoItAll.Processes.Drivers.RuntimeEvidence.csproj" />
    <Project Path="src/CanDoItAll.Processes.Drivers.TranscriptVerification/CanDoItAll.Processes.Drivers.TranscriptVerification.csproj" />
    <Project Path="src/CanDoItAll.Processes.Drivers.VerificationGateway/CanDoItAll.Processes.Drivers.VerificationGateway.csproj" />
    <Project Path="src/CanDoItAll.Modules.Projects/CanDoItAll.Modules.Projects.csproj" />
    <Project Path="src/CanDoItAll.Modules.Prompts/CanDoItAll.Modules.Prompts.csproj" />
    <Project Path="src/CanDoItAll.Modules.Resources/CanDoItAll.Modules.Resources.csproj" />
    <Project Path="src/CanDoItAll.Modules.SchedulerPlanner/CanDoItAll.Modules.SchedulerPlanner.csproj" />
    <Project Path="src/CanDoItAll.Modules.Security/CanDoItAll.Modules.Security.csproj" />
    <Project Path="src/CanDoItAll.Modules.TestLab/CanDoItAll.Modules.TestLab.csproj" />
    <Project Path="src/CanDoItAll.Modules.Validation/CanDoItAll.Modules.Validation.csproj" />
    <Project Path="src/CanDoItAll.Modules.Workbench/CanDoItAll.Modules.Workbench.csproj" />
    <Project Path="src/CanDoItAll.Modules.Workspace/CanDoItAll.Modules.Workspace.csproj" />
    <Project Path="src/CanDoItAll.Plugins.Abstractions/CanDoItAll.Plugins.Abstractions.csproj" />
    <Project Path="src/plugins/CanDoItAll.Plugin.Docker/CanDoItAll.Plugin.Docker.csproj" />
    <Project Path="src/plugins/CanDoItAll.Plugin.Email/CanDoItAll.Plugin.Email.csproj" />
    <Project Path="src/plugins/CanDoItAll.Plugin.Gmail/CanDoItAll.Plugin.Gmail.csproj" />
    <Project Path="src/plugins/CanDoItAll.Plugin.Office365/CanDoItAll.Plugin.Office365.csproj" />
    <Project Path="src/CanDoItAll.Tools.Documents/CanDoItAll.Tools.Documents.csproj" />
    <Project Path="src/CanDoItAll.SharedKernel/CanDoItAll.SharedKernel.csproj" />
    <Project Path="src/CanDoItAll.Web/CanDoItAll.Web.csproj" />
  </Folder>
  <Folder Name="/tests/">
    <Project Path="tests/CanDoItAll.Tests.Components/CanDoItAll.Tests.Components.csproj" />
    <Project Path="tests/CanDoItAll.Tests.Integration/CanDoItAll.Tests.Integration.csproj" />
    <Project Path="tests/CanDoItAll.Tests.Playwright/CanDoItAll.Tests.Playwright.csproj" />
    <Project Path="tests/CanDoItAll.Tests.Support/CanDoItAll.Tests.Support.csproj" />
    <Project Path="tests/CanDoItAll.Tests.Unit/CanDoItAll.Tests.Unit.csproj" />
  </Folder>
  <Folder Name="/tools/">
    <Project Path="tools/CanDoItAll.Manager/CanDoItAll.Manager.csproj" />
    <Project Path="tools/CanDoItAll.ScenarioSeeder/CanDoItAll.ScenarioSeeder.csproj" />
  </Folder>
</Solution>
