<Solution>
  <Folder Name="/tests/Unit/">
    <Project Path="../Unit/CanDoItAll.Collaboration.Tests/CanDoItAll.Collaboration.Tests.csproj" />
    <Project Path="../Unit/CanDoItAll.TestLab.Tests/CanDoItAll.TestLab.Tests.csproj" />
    <Project Path="../Unit/CanDoItAll.Tests.Unit/CanDoItAll.Tests.Unit.csproj" />
  </Folder>
  <Folder Name="/tests/Components/">
    <Project Path="../Components/CanDoItAll.Collaboration.UI.Tests/CanDoItAll.Collaboration.UI.Tests.csproj" />
    <Project Path="../Components/CanDoItAll.TestLab.UI.Tests/CanDoItAll.TestLab.UI.Tests.csproj" />
    <Project Path="../Components/CanDoItAll.Plugins.UI.Tests/CanDoItAll.Plugins.UI.Tests.csproj" />
    <Project Path="../Components/CanDoItAll.SchedulerPlanner.UI.Tests/CanDoItAll.SchedulerPlanner.UI.Tests.csproj" />
    <Project Path="../Components/CanDoItAll.Memory.UI.Tests/CanDoItAll.Memory.UI.Tests.csproj" />
    <Project Path="../Components/CanDoItAll.Resources.UI.Tests/CanDoItAll.Resources.UI.Tests.csproj" />
    <Project Path="../Components/CanDoItAll.Workspace.UI.Tests/CanDoItAll.Workspace.UI.Tests.csproj" />
    <Project Path="../Components/CanDoItAll.Workspace.ApiAccess.UI.Tests/CanDoItAll.Workspace.ApiAccess.UI.Tests.csproj" />
    <Project Path="../Components/CanDoItAll.Workspace.StorageCatalog.UI.Tests/CanDoItAll.Workspace.StorageCatalog.UI.Tests.csproj" />
    <Project Path="../Components/CanDoItAll.Tests.Components/CanDoItAll.Tests.Components.csproj" />
  </Folder>
  <Folder Name="/tests/Integration/">
    <Project Path="../Integration/CanDoItAll.Tests.Integration/CanDoItAll.Tests.Integration.csproj" />
  </Folder>
  <Folder Name="/tests/Memory/">
    <Project Path="../Memory/CanDoItAll.Memory.Tests/CanDoItAll.Memory.Tests.csproj" />
    <Project Path="../MAF/CanDoItAll.AgentFramework.Memory.Tests/CanDoItAll.AgentFramework.Memory.Tests.csproj" />
  </Folder>
</Solution>
