<Solution>
  <Folder Name="/tests/Components/">
    <Project Path="../Components/CanDoItAll.Collaboration.UI.Tests/CanDoItAll.Collaboration.UI.Tests.csproj" />
    <Project Path="../Components/CanDoItAll.TestLab.UI.Tests/CanDoItAll.TestLab.UI.Tests.csproj" />
    <Project Path="../Components/CanDoItAll.Plugins.UI.Tests/CanDoItAll.Plugins.UI.Tests.csproj" />
    <Project Path="../Components/CanDoItAll.SchedulerPlanner.UI.Tests/CanDoItAll.SchedulerPlanner.UI.Tests.csproj" />
    <Project Path="../Components/CanDoItAll.Memory.UI.Tests/CanDoItAll.Memory.UI.Tests.csproj" />
    <Project Path="../Components/CanDoItAll.Resources.UI.Tests/CanDoItAll.Resources.UI.Tests.csproj" />
    <Project Path="../Components/CanDoItAll.Workspace.UI.Tests/CanDoItAll.Workspace.UI.Tests.csproj" />
    <Project Path="../Components/CanDoItAll.Workspace.ApiAccess.UI.Tests/CanDoItAll.Workspace.ApiAccess.UI.Tests.csproj" />
    <Project Path="../Components/CanDoItAll.Workspace.StorageCatalog.UI.Tests/CanDoItAll.Workspace.StorageCatalog.UI.Tests.csproj" />
    <Project Path="../Components/CanDoItAll.Workspace.StorageSelection.UI.Tests/CanDoItAll.Workspace.StorageSelection.UI.Tests.csproj" />
    <Project Path="../Components/CanDoItAll.Tests.Components/CanDoItAll.Tests.Components.csproj" />
  </Folder>
</Solution>
